
Microsoft Visual Studio Solution File, Format Version 11.00
# Visual Studio 2010
Project("{FAE04EC0-301F-11D3-BF4B-00C04F79EFBC}") = "Cube Home - VR Informational", "Assembly-CSharp.csproj", "{485318FF-0EDB-AF82-E0C7-F964CEE5EC8E}"
EndProject
Project("{FAE04EC0-301F-11D3-BF4B-00C04F79EFBC}") = "Cube Home - VR Informational", "Assembly-CSharp-Editor.csproj", "{09107BAE-5BCD-3C72-FC23-3CF74A492BC6}"
EndProject
Global
	GlobalSection(SolutionConfigurationPlatforms) = preSolution
		Debug|Any CPU = Debug|Any CPU
		Release|Any CPU = Release|Any CPU
	EndGlobalSection
	GlobalSection(ProjectConfigurationPlatforms) = postSolution
		{485318FF-0EDB-AF82-E0C7-F964CEE5EC8E}.Debug|Any CPU.ActiveCfg = Debug|Any CPU
		{485318FF-0EDB-AF82-E0C7-F964CEE5EC8E}.Debug|Any CPU.Build.0 = Debug|Any CPU
		{485318FF-0EDB-AF82-E0C7-F964CEE5EC8E}.Release|Any CPU.ActiveCfg = Release|Any CPU
		{485318FF-0EDB-AF82-E0C7-F964CEE5EC8E}.Release|Any CPU.Build.0 = Release|Any CPU
		{09107BAE-5BCD-3C72-FC23-3CF74A492BC6}.Debug|Any CPU.ActiveCfg = Debug|Any CPU
		{09107BAE-5BCD-3C72-FC23-3CF74A492BC6}.Debug|Any CPU.Build.0 = Debug|Any CPU
		{09107BAE-5BCD-3C72-FC23-3CF74A492BC6}.Release|Any CPU.ActiveCfg = Release|Any CPU
		{09107BAE-5BCD-3C72-FC23-3CF74A492BC6}.Release|Any CPU.Build.0 = Release|Any CPU
	EndGlobalSection
	GlobalSection(SolutionProperties) = preSolution
		HideSolutionNode = FALSE
	EndGlobalSection
	GlobalSection(MonoDevelopProperties) = preSolution
		StartupItem = Assembly-CSharp.csproj
	EndGlobalSection
EndGlobal
